
Microsoft Visual Studio Solution File, Format Version 12.00
# Visual Studio Version 17
VisualStudioVersion = 17.9.34714.143
MinimumVisualStudioVersion = 10.0.40219.1
Project("{888888A0-9F3D-457C-B088-3A5042F75D52}") = "P_InSoChanChiaHet3NhoHon100", "P_InSoChanChiaHet3NhoHon100.pyproj", "{1129712A-0CA9-4991-9B48-25A02277A518}"
EndProject
Global
	GlobalSection(SolutionConfigurationPlatforms) = preSolution
		Debug|Any CPU = Debug|Any CPU
		Release|Any CPU = Release|Any CPU
	EndGlobalSection
	GlobalSection(ProjectConfigurationPlatforms) = postSolution
		{1129712A-0CA9-4991-9B48-25A02277A518}.Debug|Any CPU.ActiveCfg = Debug|Any CPU
		{1129712A-0CA9-4991-9B48-25A02277A518}.Release|Any CPU.ActiveCfg = Release|Any CPU
	EndGlobalSection
	GlobalSection(SolutionProperties) = preSolution
		HideSolutionNode = FALSE
	EndGlobalSection
	GlobalSection(ExtensibilityGlobals) = postSolution
		SolutionGuid = {0DE6FF12-0D12-40E4-902B-6A78F6FF6783}
	EndGlobalSection
EndGlobal
